
Microsoft Visual Studio Solution File, Format Version 12.00
# Visual Studio Version 16
VisualStudioVersion = 16.0.30907.101
MinimumVisualStudioVersion = 10.0.40219.1
Project("{9A19103F-16F7-4668-BE54-9A1E7A4F7556}") = "DataAccess", "DataAccess\DataAccess.csproj", "{A947EBB0-BEAA-4B59-BEBB-88D9E49070FF}"
EndProject
Project("{9A19103F-16F7-4668-BE54-9A1E7A4F7556}") = "Business", "Business\Business.csproj", "{575EB6B5-16E8-468E-A415-275F768C92D7}"
EndProject
Project("{9A19103F-16F7-4668-BE54-9A1E7A4F7556}") = "Entities", "Entities\Entities.csproj", "{4C747566-0828-42E5-A231-D020856A92F5}"
EndProject
Project("{9A19103F-16F7-4668-BE54-9A1E7A4F7556}") = "ConsoleUI", "ConsoleUI\ConsoleUI.csproj", "{B18BB8BB-B537-47B9-8E99-1E71E98FED0E}"
EndProject
Project("{FAE04EC0-301F-11D3-BF4B-00C04F79EFBC}") = "Core", "Core\Core.csproj", "{21C4C46B-89BE-4944-93CF-862A78D0DAE5}"
EndProject
Global
	GlobalSection(SolutionConfigurationPlatforms) = preSolution
		Debug|Any CPU = Debug|Any CPU
		Release|Any CPU = Release|Any CPU
	EndGlobalSection
	GlobalSection(ProjectConfigurationPlatforms) = postSolution
		{A947EBB0-BEAA-4B59-BEBB-88D9E49070FF}.Debug|Any CPU.ActiveCfg = Debug|Any CPU
		{A947EBB0-BEAA-4B59-BEBB-88D9E49070FF}.Debug|Any CPU.Build.0 = Debug|Any CPU
		{A947EBB0-BEAA-4B59-BEBB-88D9E49070FF}.Release|Any CPU.ActiveCfg = Release|Any CPU
		{A947EBB0-BEAA-4B59-BEBB-88D9E49070FF}.Release|Any CPU.Build.0 = Release|Any CPU
		{575EB6B5-16E8-468E-A415-275F768C92D7}.Debug|Any CPU.ActiveCfg = Debug|Any CPU
		{575EB6B5-16E8-468E-A415-275F768C92D7}.Debug|Any CPU.Build.0 = Debug|Any CPU
		{575EB6B5-16E8-468E-A415-275F768C92D7}.Release|Any CPU.ActiveCfg = Release|Any CPU
		{575EB6B5-16E8-468E-A415-275F768C92D7}.Release|Any CPU.Build.0 = Release|Any CPU
		{4C747566-0828-42E5-A231-D020856A92F5}.Debug|Any CPU.ActiveCfg = Debug|Any CPU
		{4C747566-0828-42E5-A231-D020856A92F5}.Debug|Any CPU.Build.0 = Debug|Any CPU
		{4C747566-0828-42E5-A231-D020856A92F5}.Release|Any CPU.ActiveCfg = Release|Any CPU
		{4C747566-0828-42E5-A231-D020856A92F5}.Release|Any CPU.Build.0 = Release|Any CPU
		{B18BB8BB-B537-47B9-8E99-1E71E98FED0E}.Debug|Any CPU.ActiveCfg = Debug|Any CPU
		{B18BB8BB-B537-47B9-8E99-1E71E98FED0E}.Debug|Any CPU.Build.0 = Debug|Any CPU
		{B18BB8BB-B537-47B9-8E99-1E71E98FED0E}.Release|Any CPU.ActiveCfg = Release|Any CPU
		{B18BB8BB-B537-47B9-8E99-1E71E98FED0E}.Release|Any CPU.Build.0 = Release|Any CPU
		{21C4C46B-89BE-4944-93CF-862A78D0DAE5}.Debug|Any CPU.ActiveCfg = Debug|Any CPU
		{21C4C46B-89BE-4944-93CF-862A78D0DAE5}.Debug|Any CPU.Build.0 = Debug|Any CPU
		{21C4C46B-89BE-4944-93CF-862A78D0DAE5}.Release|Any CPU.ActiveCfg = Release|Any CPU
		{21C4C46B-89BE-4944-93CF-862A78D0DAE5}.Release|Any CPU.Build.0 = Release|Any CPU
	EndGlobalSection
	GlobalSection(SolutionProperties) = preSolution
		HideSolutionNode = FALSE
	EndGlobalSection
	GlobalSection(ExtensibilityGlobals) = postSolution
		SolutionGuid = {D1CA3BE5-E9D4-4EBE-A644-10389BB1513E}
	EndGlobalSection
EndGlobal
